
Microsoft Visual Studio Solution File, Format Version 12.00
# Visual Studio Version 17
VisualStudioVersion = 17.11.35219.272
MinimumVisualStudioVersion = 10.0.40219.1
Project("{9A19103F-16F7-4668-BE54-9A1E7A4F7556}") = "FinalProject2", "FinalProject2\FinalProject2.csproj", "{4131D748-182E-4E6F-B404-1CB96C582B7C}"
EndProject
Global
	GlobalSection(SolutionConfigurationPlatforms) = preSolution
		Debug|Any CPU = Debug|Any CPU
		Release|Any CPU = Release|Any CPU
	EndGlobalSection
	GlobalSection(ProjectConfigurationPlatforms) = postSolution
		{4131D748-182E-4E6F-B404-1CB96C582B7C}.Debug|Any CPU.ActiveCfg = Debug|Any CPU
		{4131D748-182E-4E6F-B404-1CB96C582B7C}.Debug|Any CPU.Build.0 = Debug|Any CPU
		{4131D748-182E-4E6F-B404-1CB96C582B7C}.Release|Any CPU.ActiveCfg = Release|Any CPU
		{4131D748-182E-4E6F-B404-1CB96C582B7C}.Release|Any CPU.Build.0 = Release|Any CPU
	EndGlobalSection
	GlobalSection(SolutionProperties) = preSolution
		HideSolutionNode = FALSE
	EndGlobalSection
	GlobalSection(ExtensibilityGlobals) = postSolution
		SolutionGuid = {A61BA869-2388-4D43-BC80-867872269F70}
	EndGlobalSection
EndGlobal
