
Microsoft Visual Studio Solution File, Format Version 12.00
# Visual Studio Version 17
VisualStudioVersion = 17.10.35027.167
MinimumVisualStudioVersion = 10.0.40219.1
Project("{FAE04EC0-301F-11D3-BF4B-00C04F79EFBC}") = "APILec3", "APILec3\APILec3.csproj", "{D254878A-C976-40A3-AED3-A71857E1277E}"
EndProject
Global
	GlobalSection(SolutionConfigurationPlatforms) = preSolution
		Debug|Any CPU = Debug|Any CPU
		Release|Any CPU = Release|Any CPU
	EndGlobalSection
	GlobalSection(ProjectConfigurationPlatforms) = postSolution
		{D254878A-C976-40A3-AED3-A71857E1277E}.Debug|Any CPU.ActiveCfg = Debug|Any CPU
		{D254878A-C976-40A3-AED3-A71857E1277E}.Debug|Any CPU.Build.0 = Debug|Any CPU
		{D254878A-C976-40A3-AED3-A71857E1277E}.Release|Any CPU.ActiveCfg = Release|Any CPU
		{D254878A-C976-40A3-AED3-A71857E1277E}.Release|Any CPU.Build.0 = Release|Any CPU
	EndGlobalSection
	GlobalSection(SolutionProperties) = preSolution
		HideSolutionNode = FALSE
	EndGlobalSection
	GlobalSection(ExtensibilityGlobals) = postSolution
		SolutionGuid = {CDF394C6-B19F-4EAC-8FFE-FD1C931FF8FA}
	EndGlobalSection
EndGlobal
