
Microsoft Visual Studio Solution File, Format Version 12.00
# Visual Studio Version 17
VisualStudioVersion = 17.10.35027.167
MinimumVisualStudioVersion = 10.0.40219.1
Project("{FAE04EC0-301F-11D3-BF4B-00C04F79EFBC}") = "WebAPI2", "WebAPI2\WebAPI2.csproj", "{88230F90-EA4A-4222-802F-D5A491A9DC90}"
EndProject
Global
	GlobalSection(SolutionConfigurationPlatforms) = preSolution
		Debug|Any CPU = Debug|Any CPU
		Release|Any CPU = Release|Any CPU
	EndGlobalSection
	GlobalSection(ProjectConfigurationPlatforms) = postSolution
		{88230F90-EA4A-4222-802F-D5A491A9DC90}.Debug|Any CPU.ActiveCfg = Debug|Any CPU
		{88230F90-EA4A-4222-802F-D5A491A9DC90}.Debug|Any CPU.Build.0 = Debug|Any CPU
		{88230F90-EA4A-4222-802F-D5A491A9DC90}.Release|Any CPU.ActiveCfg = Release|Any CPU
		{88230F90-EA4A-4222-802F-D5A491A9DC90}.Release|Any CPU.Build.0 = Release|Any CPU
	EndGlobalSection
	GlobalSection(SolutionProperties) = preSolution
		HideSolutionNode = FALSE
	EndGlobalSection
	GlobalSection(ExtensibilityGlobals) = postSolution
		SolutionGuid = {F831D7B2-8FF1-4EEC-9F48-91DEA6B67AF2}
	EndGlobalSection
EndGlobal
